// !$*UTF8*$!
{
	archiveVersion = 1;
	classes = {
	};
	objectVersion = 50;
	objects = {

/* Begin PBXBuildFile section */
		377BC58227F336C000FBE88D /* AppDelegate.swift in Sources */ = {isa = PBXBuildFile; fileRef = 377BC58127F336C000FBE88D /* AppDelegate.swift */; };
		377BC58427F336C000FBE88D /* ViewController.swift in Sources */ = {isa = PBXBuildFile; fileRef = 377BC58327F336C000FBE88D /* ViewController.swift */; };
		377BC58727F336C000FBE88D /* Main.storyboard in Resources */ = {isa = PBXBuildFile; fileRef = 377BC58527F336C000FBE88D /* Main.storyboard */; };
		377BC58927F336C400FBE88D /* Assets.xcassets in Resources */ = {isa = PBXBuildFile; fileRef = 377BC58827F336C400FBE88D /* Assets.xcassets */; };
		377BC58C27F336C400FBE88D /* LaunchScreen.storyboard in Resources */ = {isa = PBXBuildFile; fileRef = 377BC58A27F336C400FBE88D /* LaunchScreen.storyboard */; };
		377BC59727F336C400FBE88D /* RandomPhotoTests.swift in Sources */ = {isa = PBXBuildFile; fileRef = 377BC59627F336C400FBE88D /* RandomPhotoTests.swift */; };
		377BC5A227F336C400FBE88D /* RandomPhotoUITests.swift in Sources */ = {isa = PBXBuildFile; fileRef = 377BC5A127F336C400FBE88D /* RandomPhotoUITests.swift */; };
/* End PBXBuildFile section */

/* Begin PBXContainerItemProxy section */
		377BC59327F336C400FBE88D /* PBXContainerItemProxy */ = {
			isa = PBXContainerItemProxy;
			containerPortal = 377BC57627F336C000FBE88D /* Project object */;
			proxyType = 1;
			remoteGlobalIDString = 377BC57D27F336C000FBE88D;
			remoteInfo = RandomPhoto;
		};
		377BC59E27F336C400FBE88D /* PBXContainerItemProxy */ = {
			isa = PBXContainerItemProxy;
			containerPortal = 377BC57627F336C000FBE88D /* Project object */;
			proxyType = 1;
			remoteGlobalIDString = 377BC57D27F336C000FBE88D;
			remoteInfo = RandomPhoto;
		};
/* End PBXContainerItemProxy section */

/* Begin PBXFileReference section */
		377BC57E27F336C000FBE88D /* RandomPhoto.app */ = {isa = PBXFileReference; explicitFileType = wrapper.application; includeInIndex = 0; path = RandomPhoto.app; sourceTree = BUILT_PRODUCTS_DIR; };
		377BC58127F336C000FBE88D /* AppDelegate.swift */ = {isa = PBXFileReference; lastKnownFileType = sourcecode.swift; path = AppDelegate.swift; sourceTree = "<group>"; };
		377BC58327F336C000FBE88D /* ViewController.swift */ = {isa = PBXFileReference; lastKnownFileType = sourcecode.swift; path = ViewController.swift; sourceTree = "<group>"; };
		377BC58627F336C000FBE88D /* Base */ = {isa = PBXFileReference; lastKnownFileType = file.storyboard; name = Base; path = Base.lproj/Main.storyboard; sourceTree = "<group>"; };
		377BC58827F336C400FBE88D /* Assets.xcassets */ = {isa = PBXFileReference; lastKnownFileType = folder.assetcatalog; path = Assets.xcassets; sourceTree = "<group>"; };
		377BC58B27F336C400FBE88D /* Base */ = {isa = PBXFileReference; lastKnownFileType = file.storyboard; name = Base; path = Base.lproj/LaunchScreen.storyboard; sourceTree = "<group>"; };
		377BC58D27F336C400FBE88D /* Info.plist */ = {isa = PBXFileReference; lastKnownFileType = text.plist.xml; path = Info.plist; sourceTree = "<group>"; };
		377BC59227F336C400FBE88D /* RandomPhotoTests.xctest */ = {isa = PBXFileReference; explicitFileType = wrapper.cfbundle; includeInIndex = 0; path = RandomPhotoTests.xctest; sourceTree = BUILT_PRODUCTS_DIR; };
		377BC59627F336C400FBE88D /* RandomPhotoTests.swift */ = {isa = PBXFileReference; lastKnownFileType = sourcecode.swift; path = RandomPhotoTests.swift; sourceTree = "<group>"; };
		377BC59827F336C400FBE88D /* Info.plist */ = {isa = PBXFileReference; lastKnownFileType = text.plist.xml; path = Info.plist; sourceTree = "<group>"; };
		377BC59D27F336C400FBE88D /* RandomPhotoUITests.xctest */ = {isa = PBXFileReference; explicitFileType = wrapper.cfbundle; includeInIndex = 0; path = RandomPhotoUITests.xctest; sourceTree = BUILT_PRODUCTS_DIR; };
		377BC5A127F336C400FBE88D /* RandomPhotoUITests.swift */ = {isa = PBXFileReference; lastKnownFileType = sourcecode.swift; path = RandomPhotoUITests.swift; sourceTree = "<group>"; };
		377BC5A327F336C400FBE88D /* Info.plist */ = {isa = PBXFileReference; lastKnownFileType = text.plist.xml; path = Info.plist; sourceTree = "<group>"; };
/* End PBXFileReference section */

/* Begin PBXFrameworksBuildPhase section */
		377BC57B27F336C000FBE88D /* Frameworks */ = {
			isa = PBXFrameworksBuildPhase;
			buildActionMask = 2147483647;
			files = (
			);
			runOnlyForDeploymentPostprocessing = 0;
		};
		377BC58F27F336C400FBE88D /* Frameworks */ = {
			isa = PBXFrameworksBuildPhase;
			buildActionMask = 2147483647;
			files = (
			);
			runOnlyForDeploymentPostprocessing = 0;
		};
		377BC59A27F336C400FBE88D /* Frameworks */ = {
			isa = PBXFrameworksBuildPhase;
			buildActionMask = 2147483647;
			files = (
			);
			runOnlyForDeploymentPostprocessing = 0;
		};
/* End PBXFrameworksBuildPhase section */

/* Begin PBXGroup section */
		377BC57527F336C000FBE88D = {
			isa = PBXGroup;
			children = (
				377BC58027F336C000FBE88D /* RandomPhoto */,
				377BC59527F336C400FBE88D /* RandomPhotoTests */,
				377BC5A027F336C400FBE88D /* RandomPhotoUITests */,
				377BC57F27F336C000FBE88D /* Products */,
			);
			sourceTree = "<group>";
		};
		377BC57F27F336C000FBE88D /* Products */ = {
			isa = PBXGroup;
			children = (
				377BC57E27F336C000FBE88D /* RandomPhoto.app */,
				377BC59227F336C400FBE88D /* RandomPhotoTests.xctest */,
				377BC59D27F336C400FBE88D /* RandomPhotoUITests.xctest */,
			);
			name = Products;
			sourceTree = "<group>";
		};
		377BC58027F336C000FBE88D /* RandomPhoto */ = {
			isa = PBXGroup;
			children = (
				377BC58127F336C000FBE88D /* AppDelegate.swift */,
				377BC58327F336C000FBE88D /* ViewController.swift */,
				377BC58527F336C000FBE88D /* Main.storyboard */,
				377BC58827F336C400FBE88D /* Assets.xcassets */,
				377BC58A27F336C400FBE88D /* LaunchScreen.storyboard */,
				377BC58D27F336C400FBE88D /* Info.plist */,
			);
			path = RandomPhoto;
			sourceTree = "<group>";
		};
		377BC59527F336C400FBE88D /* RandomPhotoTests */ = {
			isa = PBXGroup;
			children = (
				377BC59627F336C400FBE88D /* RandomPhotoTests.swift */,
				377BC59827F336C400FBE88D /* Info.plist */,
			);
			path = RandomPhotoTests;
			sourceTree = "<group>";
		};
		377BC5A027F336C400FBE88D /* RandomPhotoUITests */ = {
			isa = PBXGroup;
			children = (
				377BC5A127F336C400FBE88D /* RandomPhotoUITests.swift */,
				377BC5A327F336C400FBE88D /* Info.plist */,
			);
			path = RandomPhotoUITests;
			sourceTree = "<group>";
		};
/* End PBXGroup section */

/* Begin PBXNativeTarget section */
		377BC57D27F336C000FBE88D /* RandomPhoto */ = {
			isa = PBXNativeTarget;
			buildConfigurationList = 377BC5A627F336C400FBE88D /* Build configuration list for PBXNativeTarget "RandomPhoto" */;
			buildPhases = (
				377BC57A27F336C000FBE88D /* Sources */,
				377BC57B27F336C000FBE88D /* Frameworks */,
				377BC57C27F336C000FBE88D /* Resources */,
			);
			buildRules = (
			);
			dependencies = (
			);
			name = RandomPhoto;
			productName = RandomPhoto;
			productReference = 377BC57E27F336C000FBE88D /* RandomPhoto.app */;
			productType = "com.apple.product-type.application";
		};
		377BC59127F336C400FBE88D /* RandomPhotoTests */ = {
			isa = PBXNativeTarget;
			buildConfigurationList = 377BC5A927F336C400FBE88D /* Build configuration list for PBXNativeTarget "RandomPhotoTests" */;
			buildPhases = (
				377BC58E27F336C400FBE88D /* Sources */,
				377BC58F27F336C400FBE88D /* Frameworks */,
				377BC59027F336C400FBE88D /* Resources */,
			);
			buildRules = (
			);
			dependencies = (
				377BC59427F336C400FBE88D /* PBXTargetDependency */,
			);
			name = RandomPhotoTests;
			productName = RandomPhotoTests;
			productReference = 377BC59227F336C400FBE88D /* RandomPhotoTests.xctest */;
			productType = "com.apple.product-type.bundle.unit-test";
		};
		377BC59C27F336C400FBE88D /* RandomPhotoUITests */ = {
			isa = PBXNativeTarget;
			buildConfigurationList = 377BC5AC27F336C400FBE88D /* Build configuration list for PBXNativeTarget "RandomPhotoUITests" */;
			buildPhases = (
				377BC59927F336C400FBE88D /* Sources */,
				377BC59A27F336C400FBE88D /* Frameworks */,
				377BC59B27F336C400FBE88D /* Resources */,
			);
			buildRules = (
			);
			dependencies = (
				377BC59F27F336C400FBE88D /* PBXTargetDependency */,
			);
			name = RandomPhotoUITests;
			productName = RandomPhotoUITests;
			productReference = 377BC59D27F336C400FBE88D /* RandomPhotoUITests.xctest */;
			productType = "com.apple.product-type.bundle.ui-testing";
		};
/* End PBXNativeTarget section */

/* Begin PBXProject section */
		377BC57627F336C000FBE88D /* Project object */ = {
			isa = PBXProject;
			attributes = {
				LastSwiftUpdateCheck = 0940;
				LastUpgradeCheck = 0940;
				ORGANIZATIONNAME = Usager;
				TargetAttributes = {
					377BC57D27F336C000FBE88D = {
						CreatedOnToolsVersion = 9.4.1;
					};
					377BC59127F336C400FBE88D = {
						CreatedOnToolsVersion = 9.4.1;
						TestTargetID = 377BC57D27F336C000FBE88D;
					};
					377BC59C27F336C400FBE88D = {
						CreatedOnToolsVersion = 9.4.1;
						TestTargetID = 377BC57D27F336C000FBE88D;
					};
				};
			};
			buildConfigurationList = 377BC57927F336C000FBE88D /* Build configuration list for PBXProject "RandomPhoto" */;
			compatibilityVersion = "Xcode 9.3";
			developmentRegion = en;
			hasScannedForEncodings = 0;
			knownRegions = (
				en,
				Base,
			);
			mainGroup = 377BC57527F336C000FBE88D;
			productRefGroup = 377BC57F27F336C000FBE88D /* Products */;
			projectDirPath = "";
			projectRoot = "";
			targets = (
				377BC57D27F336C000FBE88D /* RandomPhoto */,
				377BC59127F336C400FBE88D /* RandomPhotoTests */,
				377BC59C27F336C400FBE88D /* RandomPhotoUITests */,
			);
		};
/* End PBXProject section */

/* Begin PBXResourcesBuildPhase section */
		377BC57C27F336C000FBE88D /* Resources */ = {
			isa = PBXResourcesBuildPhase;
			buildActionMask = 2147483647;
			files = (
				377BC58C27F336C400FBE88D /* LaunchScreen.storyboard in Resources */,
				377BC58927F336C400FBE88D /* Assets.xcassets in Resources */,
				377BC58727F336C000FBE88D /* Main.storyboard in Resources */,
			);
			runOnlyForDeploymentPostprocessing = 0;
		};
		377BC59027F336C400FBE88D /* Resources */ = {
			isa = PBXResourcesBuildPhase;
			buildActionMask = 2147483647;
			files = (
			);
			runOnlyForDeploymentPostprocessing = 0;
		};
		377BC59B27F336C400FBE88D /* Resources */ = {
			isa = PBXResourcesBuildPhase;
			buildActionMask = 2147483647;
			files = (
			);
			runOnlyForDeploymentPostprocessing = 0;
		};
/* End PBXResourcesBuildPhase section */

/* Begin PBXSourcesBuildPhase section */
		377BC57A27F336C000FBE88D /* Sources */ = {
			isa = PBXSourcesBuildPhase;
			buildActionMask = 2147483647;
			files = (
				377BC58427F336C000FBE88D /* ViewController.swift in Sources */,
				377BC58227F336C000FBE88D /* AppDelegate.swift in Sources */,
			);
			runOnlyForDeploymentPostprocessing = 0;
		};
		377BC58E27F336C400FBE88D /* Sources */ = {
			isa = PBXSourcesBuildPhase;
			buildActionMask = 2147483647;
			files = (
				377BC59727F336C400FBE88D /* RandomPhotoTests.swift in Sources */,
			);
			runOnlyForDeploymentPostprocessing = 0;
		};
		377BC59927F336C400FBE88D /* Sources */ = {
			isa = PBXSourcesBuildPhase;
			buildActionMask = 2147483647;
			files = (
				377BC5A227F336C400FBE88D /* RandomPhotoUITests.swift in Sources */,
			);
			runOnlyForDeploymentPostprocessing = 0;
		};
/* End PBXSourcesBuildPhase section */

/* Begin PBXTargetDependency section */
		377BC59427F336C400FBE88D /* PBXTargetDependency */ = {
			isa = PBXTargetDependency;
			target = 377BC57D27F336C000FBE88D /* RandomPhoto */;
			targetProxy = 377BC59327F336C400FBE88D /* PBXContainerItemProxy */;
		};
		377BC59F27F336C400FBE88D /* PBXTargetDependency */ = {
			isa = PBXTargetDependency;
			target = 377BC57D27F336C000FBE88D /* RandomPhoto */;
			targetProxy = 377BC59E27F336C400FBE88D /* PBXContainerItemProxy */;
		};
/* End PBXTargetDependency section */

/* Begin PBXVariantGroup section */
		377BC58527F336C000FBE88D /* Main.storyboard */ = {
			isa = PBXVariantGroup;
			children = (
				377BC58627F336C000FBE88D /* Base */,
			);
			name = Main.storyboard;
			sourceTree = "<group>";
		};
		377BC58A27F336C400FBE88D /* LaunchScreen.storyboard */ = {
			isa = PBXVariantGroup;
			children = (
				377BC58B27F336C400FBE88D /* Base */,
			);
			name = LaunchScreen.storyboard;
			sourceTree = "<group>";
		};
/* End PBXVariantGroup section */

/* Begin XCBuildConfiguration section */
		377BC5A427F336C400FBE88D /* Debug */ = {
			isa = XCBuildConfiguration;
			buildSettings = {
				ALWAYS_SEARCH_USER_PATHS = NO;
				CLANG_ANALYZER_NONNULL = YES;
				CLANG_ANALYZER_NUMBER_OBJECT_CONVERSION = YES_AGGRESSIVE;
				CLANG_CXX_LANGUAGE_STANDARD = "gnu++14";
				CLANG_CXX_LIBRARY = "libc++";
				CLANG_ENABLE_MODULES = YES;
				CLANG_ENABLE_OBJC_ARC = YES;
				CLANG_ENABLE_OBJC_WEAK = YES;
				CLANG_WARN_BLOCK_CAPTURE_AUTORELEASING = YES;
				CLANG_WARN_BOOL_CONVERSION = YES;
				CLANG_WARN_COMMA = YES;
				CLANG_WARN_CONSTANT_CONVERSION = YES;
				CLANG_WARN_DEPRECATED_OBJC_IMPLEMENTATIONS = YES;
				CLANG_WARN_DIRECT_OBJC_ISA_USAGE = YES_ERROR;
				CLANG_WARN_DOCUMENTATION_COMMENTS = YES;
				CLANG_WARN_EMPTY_BODY = YES;
				CLANG_WARN_ENUM_CONVERSION = YES;
				CLANG_WARN_INFINITE_RECURSION = YES;
				CLANG_WARN_INT_CONVERSION = YES;
				CLANG_WARN_NON_LITERAL_NULL_CONVERSION = YES;
				CLANG_WARN_OBJC_IMPLICIT_RETAIN_SELF = YES;
				CLANG_WARN_OBJC_LITERAL_CONVERSION = YES;
				CLANG_WARN_OBJC_ROOT_CLASS = YES_ERROR;
				CLANG_WARN_RANGE_LOOP_ANALYSIS = YES;
				CLANG_WARN_STRICT_PROTOTYPES = YES;
				CLANG_WARN_SUSPICIOUS_MOVE = YES;
				CLANG_WARN_UNGUARDED_AVAILABILITY = YES_AGGRESSIVE;
				CLANG_WARN_UNREACHABLE_CODE = YES;
				CLANG_WARN__DUPLICATE_METHOD_MATCH = YES;
				CODE_SIGN_IDENTITY = "iPhone Developer";
				COPY_PHASE_STRIP = NO;
				DEBUG_INFORMATION_FORMAT = dwarf;
				ENABLE_STRICT_OBJC_MSGSEND = YES;
				ENABLE_TESTABILITY = YES;
				GCC_C_LANGUAGE_STANDARD = gnu11;
				GCC_DYNAMIC_NO_PIC = NO;
				GCC_NO_COMMON_BLOCKS = YES;
				GCC_OPTIMIZATION_LEVEL = 0;
				GCC_PREPROCESSOR_DEFINITIONS = (
					"DEBUG=1",
					"$(inherited)",
				);
				GCC_WARN_64_TO_32_BIT_CONVERSION = YES;
				GCC_WARN_ABOUT_RETURN_TYPE = YES_ERROR;
				GCC_WARN_UNDECLARED_SELECTOR = YES;
				GCC_WARN_UNINITIALIZED_AUTOS = YES_AGGRESSIVE;
				GCC_WARN_UNUSED_FUNCTION = YES;
				GCC_WARN_UNUSED_VARIABLE = YES;
				IPHONEOS_DEPLOYMENT_TARGET = 11.4;
				MTL_ENABLE_DEBUG_INFO = YES;
				ONLY_ACTIVE_ARCH = YES;
				SDKROOT = iphoneos;
				SWIFT_ACTIVE_COMPILATION_CONDITIONS = DEBUG;
				SWIFT_OPTIMIZATION_LEVEL = "-Onone";
			};
			name = Debug;
		};
		377BC5A527F336C400FBE88D /* Release */ = {
			isa = XCBuildConfiguration;
			buildSettings = {
				ALWAYS_SEARCH_USER_PATHS = NO;
				CLANG_ANALYZER_NONNULL = YES;
				CLANG_ANALYZER_NUMBER_OBJECT_CONVERSION = YES_AGGRESSIVE;
				CLANG_CXX_LANGUAGE_STANDARD = "gnu++14";
				CLANG_CXX_LIBRARY = "libc++";
				CLANG_ENABLE_MODULES = YES;
				CLANG_ENABLE_OBJC_ARC = YES;
				CLANG_ENABLE_OBJC_WEAK = YES;
				CLANG_WARN_BLOCK_CAPTURE_AUTORELEASING = YES;
				CLANG_WARN_BOOL_CONVERSION = YES;
				CLANG_WARN_COMMA = YES;
				CLANG_WARN_CONSTANT_CONVERSION = YES;
				CLANG_WARN_DEPRECATED_OBJC_IMPLEMENTATIONS = YES;
				CLANG_WARN_DIRECT_OBJC_ISA_USAGE = YES_ERROR;
				CLANG_WARN_DOCUMENTATION_COMMENTS = YES;
				CLANG_WARN_EMPTY_BODY = YES;
				CLANG_WARN_ENUM_CONVERSION = YES;
				CLANG_WARN_INFINITE_RECURSION = YES;
				CLANG_WARN_INT_CONVERSION = YES;
				CLANG_WARN_NON_LITERAL_NULL_CONVERSION = YES;
				CLANG_WARN_OBJC_IMPLICIT_RETAIN_SELF = YES;
				CLANG_WARN_OBJC_LITERAL_CONVERSION = YES;
				CLANG_WARN_OBJC_ROOT_CLASS = YES_ERROR;
				CLANG_WARN_RANGE_LOOP_ANALYSIS = YES;
				CLANG_WARN_STRICT_PROTOTYPES = YES;
				CLANG_WARN_SUSPICIOUS_MOVE = YES;
				CLANG_WARN_UNGUARDED_AVAILABILITY = YES_AGGRESSIVE;
				CLANG_WARN_UNREACHABLE_CODE = YES;
				CLANG_WARN__DUPLICATE_METHOD_MATCH = YES;
				CODE_SIGN_IDENTITY = "iPhone Developer";
				COPY_PHASE_STRIP = NO;
				DEBUG_INFORMATION_FORMAT = "dwarf-with-dsym";
				ENABLE_NS_ASSERTIONS = NO;
				ENABLE_STRICT_OBJC_MSGSEND = YES;
				GCC_C_LANGUAGE_STANDARD = gnu11;
				GCC_NO_COMMON_BLOCKS = YES;
				GCC_WARN_64_TO_32_BIT_CONVERSION = YES;
				GCC_WARN_ABOUT_RETURN_TYPE = YES_ERROR;
				GCC_WARN_UNDECLARED_SELECTOR = YES;
				GCC_WARN_UNINITIALIZED_AUTOS = YES_AGGRESSIVE;
				GCC_WARN_UNUSED_FUNCTION = YES;
				GCC_WARN_UNUSED_VARIABLE = YES;
				IPHONEOS_DEPLOYMENT_TARGET = 11.4;
				MTL_ENABLE_DEBUG_INFO = NO;
				SDKROOT = iphoneos;
				SWIFT_COMPILATION_MODE = wholemodule;
				SWIFT_OPTIMIZATION_LEVEL = "-O";
				VALIDATE_PRODUCT = YES;
			};
			name = Release;
		};
		377BC5A727F336C400FBE88D /* Debug */ = {
			isa = XCBuildConfiguration;
			buildSettings = {
				ASSETCATALOG_COMPILER_APPICON_NAME = AppIcon;
				CODE_SIGN_STYLE = Automatic;
				INFOPLIST_FILE = RandomPhoto/Info.plist;
				LD_RUNPATH_SEARCH_PATHS = (
					"$(inherited)",
					"@executable_path/Frameworks",
				);
				PRODUCT_BUNDLE_IDENTIFIER = EcoleDuWeb.RandomPhoto;
				PRODUCT_NAME = "$(TARGET_NAME)";
				SWIFT_VERSION = 4.0;
				TARGETED_DEVICE_FAMILY = "1,2";
			};
			name = Debug;
		};
		377BC5A827F336C400FBE88D /* Release */ = {
			isa = XCBuildConfiguration;
			buildSettings = {
				ASSETCATALOG_COMPILER_APPICON_NAME = AppIcon;
				CODE_SIGN_STYLE = Automatic;
				INFOPLIST_FILE = RandomPhoto/Info.plist;
				LD_RUNPATH_SEARCH_PATHS = (
					"$(inherited)",
					"@executable_path/Frameworks",
				);
				PRODUCT_BUNDLE_IDENTIFIER = EcoleDuWeb.RandomPhoto;
				PRODUCT_NAME = "$(TARGET_NAME)";
				SWIFT_VERSION = 4.0;
				TARGETED_DEVICE_FAMILY = "1,2";
			};
			name = Release;
		};
		377BC5AA27F336C400FBE88D /* Debug */ = {
			isa = XCBuildConfiguration;
			buildSettings = {
				ALWAYS_EMBED_SWIFT_STANDARD_LIBRARIES = YES;
				BUNDLE_LOADER = "$(TEST_HOST)";
				CODE_SIGN_STYLE = Automatic;
				INFOPLIST_FILE = RandomPhotoTests/Info.plist;
				LD_RUNPATH_SEARCH_PATHS = (
					"$(inherited)",
					"@executable_path/Frameworks",
					"@loader_path/Frameworks",
				);
				PRODUCT_BUNDLE_IDENTIFIER = EcoleDuWeb.RandomPhotoTests;
				PRODUCT_NAME = "$(TARGET_NAME)";
				SWIFT_VERSION = 4.0;
				TARGETED_DEVICE_FAMILY = "1,2";
				TEST_HOST = "$(BUILT_PRODUCTS_DIR)/RandomPhoto.app/RandomPhoto";
			};
			name = Debug;
		};
		377BC5AB27F336C400FBE88D /* Release */ = {
			isa = XCBuildConfiguration;
			buildSettings = {
				ALWAYS_EMBED_SWIFT_STANDARD_LIBRARIES = YES;
				BUNDLE_LOADER = "$(TEST_HOST)";
				CODE_SIGN_STYLE = Automatic;
				INFOPLIST_FILE = RandomPhotoTests/Info.plist;
				LD_RUNPATH_SEARCH_PATHS = (
					"$(inherited)",
					"@executable_path/Frameworks",
					"@loader_path/Frameworks",
				);
				PRODUCT_BUNDLE_IDENTIFIER = EcoleDuWeb.RandomPhotoTests;
				PRODUCT_NAME = "$(TARGET_NAME)";
				SWIFT_VERSION = 4.0;
				TARGETED_DEVICE_FAMILY = "1,2";
				TEST_HOST = "$(BUILT_PRODUCTS_DIR)/RandomPhoto.app/RandomPhoto";
			};
			name = Release;
		};
		377BC5AD27F336C400FBE88D /* Debug */ = {
			isa = XCBuildConfiguration;
			buildSettings = {
				ALWAYS_EMBED_SWIFT_STANDARD_LIBRARIES = YES;
				CODE_SIGN_STYLE = Automatic;
				INFOPLIST_FILE = RandomPhotoUITests/Info.plist;
				LD_RUNPATH_SEARCH_PATHS = (
					"$(inherited)",
					"@executable_path/Frameworks",
					"@loader_path/Frameworks",
				);
				PRODUCT_BUNDLE_IDENTIFIER = EcoleDuWeb.RandomPhotoUITests;
				PRODUCT_NAME = "$(TARGET_NAME)";
				SWIFT_VERSION = 4.0;
				TARGETED_DEVICE_FAMILY = "1,2";
				TEST_TARGET_NAME = RandomPhoto;
			};
			name = Debug;
		};
		377BC5AE27F336C400FBE88D /* Release */ = {
			isa = XCBuildConfiguration;
			buildSettings = {
				ALWAYS_EMBED_SWIFT_STANDARD_LIBRARIES = YES;
				CODE_SIGN_STYLE = Automatic;
				INFOPLIST_FILE = RandomPhotoUITests/Info.plist;
				LD_RUNPATH_SEARCH_PATHS = (
					"$(inherited)",
					"@executable_path/Frameworks",
					"@loader_path/Frameworks",
				);
				PRODUCT_BUNDLE_IDENTIFIER = EcoleDuWeb.RandomPhotoUITests;
				PRODUCT_NAME = "$(TARGET_NAME)";
				SWIFT_VERSION = 4.0;
				TARGETED_DEVICE_FAMILY = "1,2";
				TEST_TARGET_NAME = RandomPhoto;
			};
			name = Release;
		};
/* End XCBuildConfiguration section */

/* Begin XCConfigurationList section */
		377BC57927F336C000FBE88D /* Build configuration list for PBXProject "RandomPhoto" */ = {
			isa = XCConfigurationList;
			buildConfigurations = (
				377BC5A427F336C400FBE88D /* Debug */,
				377BC5A527F336C400FBE88D /* Release */,
			);
			defaultConfigurationIsVisible = 0;
			defaultConfigurationName = Release;
		};
		377BC5A627F336C400FBE88D /* Build configuration list for PBXNativeTarget "RandomPhoto" */ = {
			isa = XCConfigurationList;
			buildConfigurations = (
				377BC5A727F336C400FBE88D /* Debug */,
				377BC5A827F336C400FBE88D /* Release */,
			);
			defaultConfigurationIsVisible = 0;
			defaultConfigurationName = Release;
		};
		377BC5A927F336C400FBE88D /* Build configuration list for PBXNativeTarget "RandomPhotoTests" */ = {
			isa = XCConfigurationList;
			buildConfigurations = (
				377BC5AA27F336C400FBE88D /* Debug */,
				377BC5AB27F336C400FBE88D /* Release */,
			);
			defaultConfigurationIsVisible = 0;
			defaultConfigurationName = Release;
		};
		377BC5AC27F336C400FBE88D /* Build configuration list for PBXNativeTarget "RandomPhotoUITests" */ = {
			isa = XCConfigurationList;
			buildConfigurations = (
				377BC5AD27F336C400FBE88D /* Debug */,
				377BC5AE27F336C400FBE88D /* Release */,
			);
			defaultConfigurationIsVisible = 0;
			defaultConfigurationName = Release;
		};
/* End XCConfigurationList section */
	};
	rootObject = 377BC57627F336C000FBE88D /* Project object */;
}
